// !$*UTF8*$!
{
	archiveVersion = 1;
	classes = {
	};
	objectVersion = 50;
	objects = {

/* Begin PBXBuildFile section */
		F786E29E218861F000709258 /* main.m in Sources */ = {isa = PBXBuildFile; fileRef = F786E29D218861F000709258 /* main.m */; };
		F7ACEA1521894A34000B0CDB /* LeiFeng.m in Sources */ = {isa = PBXBuildFile; fileRef = F7ACEA1421894A34000B0CDB /* LeiFeng.m */; };
		F7ACEA1821894EE4000B0CDB /* LeiFengFactory.m in Sources */ = {isa = PBXBuildFile; fileRef = F7ACEA1721894EE4000B0CDB /* LeiFengFactory.m */; };
		F7ACEA1B218951AA000B0CDB /* UnderGraduateLeiFeng.m in Sources */ = {isa = PBXBuildFile; fileRef = F7ACEA1A218951AA000B0CDB /* UnderGraduateLeiFeng.m */; };
		F7ACEA1E218951F0000B0CDB /* VolunteerLeiFeng.m in Sources */ = {isa = PBXBuildFile; fileRef = F7ACEA1D218951F0000B0CDB /* VolunteerLeiFeng.m */; };
		F7ACEA212189523E000B0CDB /* UndergraduateLeiFengFactory.m in Sources */ = {isa = PBXBuildFile; fileRef = F7ACEA202189523E000B0CDB /* UndergraduateLeiFengFactory.m */; };
		F7ACEA2421895260000B0CDB /* VolunteerLeiFengFactory.m in Sources */ = {isa = PBXBuildFile; fileRef = F7ACEA2321895260000B0CDB /* VolunteerLeiFengFactory.m */; };
/* End PBXBuildFile section */

/* Begin PBXCopyFilesBuildPhase section */
		F786E298218861F000709258 /* CopyFiles */ = {
			isa = PBXCopyFilesBuildPhase;
			buildActionMask = 2147483647;
			dstPath = /usr/share/man/man1/;
			dstSubfolderSpec = 0;
			files = (
			);
			runOnlyForDeploymentPostprocessing = 1;
		};
/* End PBXCopyFilesBuildPhase section */

/* Begin PBXFileReference section */
		F786E29A218861F000709258 /* FactoryMethod */ = {isa = PBXFileReference; explicitFileType = "compiled.mach-o.executable"; includeInIndex = 0; path = FactoryMethod; sourceTree = BUILT_PRODUCTS_DIR; };
		F786E29D218861F000709258 /* main.m */ = {isa = PBXFileReference; lastKnownFileType = sourcecode.c.objc; path = main.m; sourceTree = "<group>"; };
		F7ACEA1321894A34000B0CDB /* LeiFeng.h */ = {isa = PBXFileReference; lastKnownFileType = sourcecode.c.h; path = LeiFeng.h; sourceTree = "<group>"; };
		F7ACEA1421894A34000B0CDB /* LeiFeng.m */ = {isa = PBXFileReference; lastKnownFileType = sourcecode.c.objc; path = LeiFeng.m; sourceTree = "<group>"; };
		F7ACEA1621894EE4000B0CDB /* LeiFengFactory.h */ = {isa = PBXFileReference; lastKnownFileType = sourcecode.c.h; path = LeiFengFactory.h; sourceTree = "<group>"; };
		F7ACEA1721894EE4000B0CDB /* LeiFengFactory.m */ = {isa = PBXFileReference; lastKnownFileType = sourcecode.c.objc; path = LeiFengFactory.m; sourceTree = "<group>"; };
		F7ACEA19218951AA000B0CDB /* UnderGraduateLeiFeng.h */ = {isa = PBXFileReference; lastKnownFileType = sourcecode.c.h; path = UnderGraduateLeiFeng.h; sourceTree = "<group>"; };
		F7ACEA1A218951AA000B0CDB /* UnderGraduateLeiFeng.m */ = {isa = PBXFileReference; lastKnownFileType = sourcecode.c.objc; path = UnderGraduateLeiFeng.m; sourceTree = "<group>"; };
		F7ACEA1C218951F0000B0CDB /* VolunteerLeiFeng.h */ = {isa = PBXFileReference; lastKnownFileType = sourcecode.c.h; path = VolunteerLeiFeng.h; sourceTree = "<group>"; };
		F7ACEA1D218951F0000B0CDB /* VolunteerLeiFeng.m */ = {isa = PBXFileReference; lastKnownFileType = sourcecode.c.objc; path = VolunteerLeiFeng.m; sourceTree = "<group>"; };
		F7ACEA1F2189523E000B0CDB /* UndergraduateLeiFengFactory.h */ = {isa = PBXFileReference; lastKnownFileType = sourcecode.c.h; path = UndergraduateLeiFengFactory.h; sourceTree = "<group>"; };
		F7ACEA202189523E000B0CDB /* UndergraduateLeiFengFactory.m */ = {isa = PBXFileReference; lastKnownFileType = sourcecode.c.objc; path = UndergraduateLeiFengFactory.m; sourceTree = "<group>"; };
		F7ACEA2221895260000B0CDB /* VolunteerLeiFengFactory.h */ = {isa = PBXFileReference; lastKnownFileType = sourcecode.c.h; path = VolunteerLeiFengFactory.h; sourceTree = "<group>"; };
		F7ACEA2321895260000B0CDB /* VolunteerLeiFengFactory.m */ = {isa = PBXFileReference; lastKnownFileType = sourcecode.c.objc; path = VolunteerLeiFengFactory.m; sourceTree = "<group>"; };
/* End PBXFileReference section */

/* Begin PBXFrameworksBuildPhase section */
		F786E297218861F000709258 /* Frameworks */ = {
			isa = PBXFrameworksBuildPhase;
			buildActionMask = 2147483647;
			files = (
			);
			runOnlyForDeploymentPostprocessing = 0;
		};
/* End PBXFrameworksBuildPhase section */

/* Begin PBXGroup section */
		F786E291218861F000709258 = {
			isa = PBXGroup;
			children = (
				F786E29C218861F000709258 /* FactoryMethod */,
				F786E29B218861F000709258 /* Products */,
			);
			sourceTree = "<group>";
		};
		F786E29B218861F000709258 /* Products */ = {
			isa = PBXGroup;
			children = (
				F786E29A218861F000709258 /* FactoryMethod */,
			);
			name = Products;
			sourceTree = "<group>";
		};
		F786E29C218861F000709258 /* FactoryMethod */ = {
			isa = PBXGroup;
			children = (
				F786E29D218861F000709258 /* main.m */,
				F7ACEA1321894A34000B0CDB /* LeiFeng.h */,
				F7ACEA1421894A34000B0CDB /* LeiFeng.m */,
				F7ACEA1621894EE4000B0CDB /* LeiFengFactory.h */,
				F7ACEA1721894EE4000B0CDB /* LeiFengFactory.m */,
				F7ACEA19218951AA000B0CDB /* UnderGraduateLeiFeng.h */,
				F7ACEA1A218951AA000B0CDB /* UnderGraduateLeiFeng.m */,
				F7ACEA1C218951F0000B0CDB /* VolunteerLeiFeng.h */,
				F7ACEA1D218951F0000B0CDB /* VolunteerLeiFeng.m */,
				F7ACEA1F2189523E000B0CDB /* UndergraduateLeiFengFactory.h */,
				F7ACEA202189523E000B0CDB /* UndergraduateLeiFengFactory.m */,
				F7ACEA2221895260000B0CDB /* VolunteerLeiFengFactory.h */,
				F7ACEA2321895260000B0CDB /* VolunteerLeiFengFactory.m */,
			);
			path = FactoryMethod;
			sourceTree = "<group>";
		};
/* End PBXGroup section */

/* Begin PBXNativeTarget section */
		F786E299218861F000709258 /* FactoryMethod */ = {
			isa = PBXNativeTarget;
			buildConfigurationList = F786E2A1218861F000709258 /* Build configuration list for PBXNativeTarget "FactoryMethod" */;
			buildPhases = (
				F786E296218861F000709258 /* Sources */,
				F786E297218861F000709258 /* Frameworks */,
				F786E298218861F000709258 /* CopyFiles */,
			);
			buildRules = (
			);
			dependencies = (
			);
			name = FactoryMethod;
			productName = FactoryMethod;
			productReference = F786E29A218861F000709258 /* FactoryMethod */;
			productType = "com.apple.product-type.tool";
		};
/* End PBXNativeTarget section */

/* Begin PBXProject section */
		F786E292218861F000709258 /* Project object */ = {
			isa = PBXProject;
			attributes = {
				LastUpgradeCheck = 1000;
				ORGANIZATIONNAME = "丁玉松";
				TargetAttributes = {
					F786E299218861F000709258 = {
						CreatedOnToolsVersion = 10.0;
					};
				};
			};
			buildConfigurationList = F786E295218861F000709258 /* Build configuration list for PBXProject "FactoryMethod" */;
			compatibilityVersion = "Xcode 9.3";
			developmentRegion = en;
			hasScannedForEncodings = 0;
			knownRegions = (
				en,
			);
			mainGroup = F786E291218861F000709258;
			productRefGroup = F786E29B218861F000709258 /* Products */;
			projectDirPath = "";
			projectRoot = "";
			targets = (
				F786E299218861F000709258 /* FactoryMethod */,
			);
		};
/* End PBXProject section */

/* Begin PBXSourcesBuildPhase section */
		F786E296218861F000709258 /* Sources */ = {
			isa = PBXSourcesBuildPhase;
			buildActionMask = 2147483647;
			files = (
				F7ACEA1521894A34000B0CDB /* LeiFeng.m in Sources */,
				F7ACEA2421895260000B0CDB /* VolunteerLeiFengFactory.m in Sources */,
				F7ACEA1E218951F0000B0CDB /* VolunteerLeiFeng.m in Sources */,
				F7ACEA1821894EE4000B0CDB /* LeiFengFactory.m in Sources */,
				F7ACEA212189523E000B0CDB /* UndergraduateLeiFengFactory.m in Sources */,
				F7ACEA1B218951AA000B0CDB /* UnderGraduateLeiFeng.m in Sources */,
				F786E29E218861F000709258 /* main.m in Sources */,
			);
			runOnlyForDeploymentPostprocessing = 0;
		};
/* End PBXSourcesBuildPhase section */

/* Begin XCBuildConfiguration section */
		F786E29F218861F000709258 /* Debug */ = {
			isa = XCBuildConfiguration;
			buildSettings = {
				ALWAYS_SEARCH_USER_PATHS = NO;
				CLANG_ANALYZER_NONNULL = YES;
				CLANG_ANALYZER_NUMBER_OBJECT_CONVERSION = YES_AGGRESSIVE;
				CLANG_CXX_LANGUAGE_STANDARD = "gnu++14";
				CLANG_CXX_LIBRARY = "libc++";
				CLANG_ENABLE_MODULES = YES;
				CLANG_ENABLE_OBJC_ARC = YES;
				CLANG_ENABLE_OBJC_WEAK = YES;
				CLANG_WARN_BLOCK_CAPTURE_AUTORELEASING = YES;
				CLANG_WARN_BOOL_CONVERSION = YES;
				CLANG_WARN_COMMA = YES;
				CLANG_WARN_CONSTANT_CONVERSION = YES;
				CLANG_WARN_DEPRECATED_OBJC_IMPLEMENTATIONS = YES;
				CLANG_WARN_DIRECT_OBJC_ISA_USAGE = YES_ERROR;
				CLANG_WARN_DOCUMENTATION_COMMENTS = YES;
				CLANG_WARN_EMPTY_BODY = YES;
				CLANG_WARN_ENUM_CONVERSION = YES;
				CLANG_WARN_INFINITE_RECURSION = YES;
				CLANG_WARN_INT_CONVERSION = YES;
				CLANG_WARN_NON_LITERAL_NULL_CONVERSION = YES;
				CLANG_WARN_OBJC_IMPLICIT_RETAIN_SELF = YES;
				CLANG_WARN_OBJC_LITERAL_CONVERSION = YES;
				CLANG_WARN_OBJC_ROOT_CLASS = YES_ERROR;
				CLANG_WARN_RANGE_LOOP_ANALYSIS = YES;
				CLANG_WARN_STRICT_PROTOTYPES = YES;
				CLANG_WARN_SUSPICIOUS_MOVE = YES;
				CLANG_WARN_UNGUARDED_AVAILABILITY = YES_AGGRESSIVE;
				CLANG_WARN_UNREACHABLE_CODE = YES;
				CLANG_WARN__DUPLICATE_METHOD_MATCH = YES;
				CODE_SIGN_IDENTITY = "-";
				COPY_PHASE_STRIP = NO;
				DEBUG_INFORMATION_FORMAT = dwarf;
				ENABLE_STRICT_OBJC_MSGSEND = YES;
				ENABLE_TESTABILITY = YES;
				GCC_C_LANGUAGE_STANDARD = gnu11;
				GCC_DYNAMIC_NO_PIC = NO;
				GCC_NO_COMMON_BLOCKS = YES;
				GCC_OPTIMIZATION_LEVEL = 0;
				GCC_PREPROCESSOR_DEFINITIONS = (
					"DEBUG=1",
					"$(inherited)",
				);
				GCC_WARN_64_TO_32_BIT_CONVERSION = YES;
				GCC_WARN_ABOUT_RETURN_TYPE = YES_ERROR;
				GCC_WARN_UNDECLARED_SELECTOR = YES;
				GCC_WARN_UNINITIALIZED_AUTOS = YES_AGGRESSIVE;
				GCC_WARN_UNUSED_FUNCTION = YES;
				GCC_WARN_UNUSED_VARIABLE = YES;
				MACOSX_DEPLOYMENT_TARGET = 10.14;
				MTL_ENABLE_DEBUG_INFO = INCLUDE_SOURCE;
				MTL_FAST_MATH = YES;
				ONLY_ACTIVE_ARCH = YES;
				SDKROOT = macosx;
			};
			name = Debug;
		};
		F786E2A0218861F000709258 /* Release */ = {
			isa = XCBuildConfiguration;
			buildSettings = {
				ALWAYS_SEARCH_USER_PATHS = NO;
				CLANG_ANALYZER_NONNULL = YES;
				CLANG_ANALYZER_NUMBER_OBJECT_CONVERSION = YES_AGGRESSIVE;
				CLANG_CXX_LANGUAGE_STANDARD = "gnu++14";
				CLANG_CXX_LIBRARY = "libc++";
				CLANG_ENABLE_MODULES = YES;
				CLANG_ENABLE_OBJC_ARC = YES;
				CLANG_ENABLE_OBJC_WEAK = YES;
				CLANG_WARN_BLOCK_CAPTURE_AUTORELEASING = YES;
				CLANG_WARN_BOOL_CONVERSION = YES;
				CLANG_WARN_COMMA = YES;
				CLANG_WARN_CONSTANT_CONVERSION = YES;
				CLANG_WARN_DEPRECATED_OBJC_IMPLEMENTATIONS = YES;
				CLANG_WARN_DIRECT_OBJC_ISA_USAGE = YES_ERROR;
				CLANG_WARN_DOCUMENTATION_COMMENTS = YES;
				CLANG_WARN_EMPTY_BODY = YES;
				CLANG_WARN_ENUM_CONVERSION = YES;
				CLANG_WARN_INFINITE_RECURSION = YES;
				CLANG_WARN_INT_CONVERSION = YES;
				CLANG_WARN_NON_LITERAL_NULL_CONVERSION = YES;
				CLANG_WARN_OBJC_IMPLICIT_RETAIN_SELF = YES;
				CLANG_WARN_OBJC_LITERAL_CONVERSION = YES;
				CLANG_WARN_OBJC_ROOT_CLASS = YES_ERROR;
				CLANG_WARN_RANGE_LOOP_ANALYSIS = YES;
				CLANG_WARN_STRICT_PROTOTYPES = YES;
				CLANG_WARN_SUSPICIOUS_MOVE = YES;
				CLANG_WARN_UNGUARDED_AVAILABILITY = YES_AGGRESSIVE;
				CLANG_WARN_UNREACHABLE_CODE = YES;
				CLANG_WARN__DUPLICATE_METHOD_MATCH = YES;
				CODE_SIGN_IDENTITY = "-";
				COPY_PHASE_STRIP = NO;
				DEBUG_INFORMATION_FORMAT = "dwarf-with-dsym";
				ENABLE_NS_ASSERTIONS = NO;
				ENABLE_STRICT_OBJC_MSGSEND = YES;
				GCC_C_LANGUAGE_STANDARD = gnu11;
				GCC_NO_COMMON_BLOCKS = YES;
				GCC_WARN_64_TO_32_BIT_CONVERSION = YES;
				GCC_WARN_ABOUT_RETURN_TYPE = YES_ERROR;
				GCC_WARN_UNDECLARED_SELECTOR = YES;
				GCC_WARN_UNINITIALIZED_AUTOS = YES_AGGRESSIVE;
				GCC_WARN_UNUSED_FUNCTION = YES;
				GCC_WARN_UNUSED_VARIABLE = YES;
				MACOSX_DEPLOYMENT_TARGET = 10.14;
				MTL_ENABLE_DEBUG_INFO = NO;
				MTL_FAST_MATH = YES;
				SDKROOT = macosx;
			};
			name = Release;
		};
		F786E2A2218861F000709258 /* Debug */ = {
			isa = XCBuildConfiguration;
			buildSettings = {
				CODE_SIGN_STYLE = Automatic;
				PRODUCT_NAME = "$(TARGET_NAME)";
			};
			name = Debug;
		};
		F786E2A3218861F000709258 /* Release */ = {
			isa = XCBuildConfiguration;
			buildSettings = {
				CODE_SIGN_STYLE = Automatic;
				PRODUCT_NAME = "$(TARGET_NAME)";
			};
			name = Release;
		};
/* End XCBuildConfiguration section */

/* Begin XCConfigurationList section */
		F786E295218861F000709258 /* Build configuration list for PBXProject "FactoryMethod" */ = {
			isa = XCConfigurationList;
			buildConfigurations = (
				F786E29F218861F000709258 /* Debug */,
				F786E2A0218861F000709258 /* Release */,
			);
			defaultConfigurationIsVisible = 0;
			defaultConfigurationName = Release;
		};
		F786E2A1218861F000709258 /* Build configuration list for PBXNativeTarget "FactoryMethod" */ = {
			isa = XCConfigurationList;
			buildConfigurations = (
				F786E2A2218861F000709258 /* Debug */,
				F786E2A3218861F000709258 /* Release */,
			);
			defaultConfigurationIsVisible = 0;
			defaultConfigurationName = Release;
		};
/* End XCConfigurationList section */
	};
	rootObject = F786E292218861F000709258 /* Project object */;
}
